
Microsoft Visual Studio Solution File, Format Version 12.00
# Visual Studio 2012
Project("{FAE04EC0-301F-11D3-BF4B-00C04F79EFBC}") = "TestBluetooth", "TestBluetooth\TestBluetooth.csproj", "{37E84849-12AA-4C42-B8B7-891CCE610C13}"
EndProject
Project("{FAE04EC0-301F-11D3-BF4B-00C04F79EFBC}") = "ForceConnectToPhone", "ForceConnectToPhone\ForceConnectToPhone.csproj", "{EB811EFB-8D28-47F4-AEBE-10AAC576783D}"
EndProject
Project("{FAE04EC0-301F-11D3-BF4B-00C04F79EFBC}") = "ProvideServerToPhone", "ProvideServerToPhone\ProvideServerToPhone.csproj", "{8EE7459D-FE24-45AB-BF68-431B85B753A4}"
EndProject
Global
	GlobalSection(SolutionConfigurationPlatforms) = preSolution
		Debug|Any CPU = Debug|Any CPU
		Release|Any CPU = Release|Any CPU
	EndGlobalSection
	GlobalSection(ProjectConfigurationPlatforms) = postSolution
		{37E84849-12AA-4C42-B8B7-891CCE610C13}.Debug|Any CPU.ActiveCfg = Debug|Any CPU
		{37E84849-12AA-4C42-B8B7-891CCE610C13}.Debug|Any CPU.Build.0 = Debug|Any CPU
		{37E84849-12AA-4C42-B8B7-891CCE610C13}.Release|Any CPU.ActiveCfg = Release|Any CPU
		{37E84849-12AA-4C42-B8B7-891CCE610C13}.Release|Any CPU.Build.0 = Release|Any CPU
		{EB811EFB-8D28-47F4-AEBE-10AAC576783D}.Debug|Any CPU.ActiveCfg = Debug|Any CPU
		{EB811EFB-8D28-47F4-AEBE-10AAC576783D}.Debug|Any CPU.Build.0 = Debug|Any CPU
		{EB811EFB-8D28-47F4-AEBE-10AAC576783D}.Release|Any CPU.ActiveCfg = Release|Any CPU
		{EB811EFB-8D28-47F4-AEBE-10AAC576783D}.Release|Any CPU.Build.0 = Release|Any CPU
		{8EE7459D-FE24-45AB-BF68-431B85B753A4}.Debug|Any CPU.ActiveCfg = Debug|Any CPU
		{8EE7459D-FE24-45AB-BF68-431B85B753A4}.Debug|Any CPU.Build.0 = Debug|Any CPU
		{8EE7459D-FE24-45AB-BF68-431B85B753A4}.Release|Any CPU.ActiveCfg = Release|Any CPU
		{8EE7459D-FE24-45AB-BF68-431B85B753A4}.Release|Any CPU.Build.0 = Release|Any CPU
	EndGlobalSection
	GlobalSection(SolutionProperties) = preSolution
		HideSolutionNode = FALSE
	EndGlobalSection
EndGlobal
